
Microsoft Visual Studio Solution File, Format Version 12.00
# Visual Studio Version 17
VisualStudioVersion = 17.2.32526.322
MinimumVisualStudioVersion = 10.0.40219.1
Project("{FAE04EC0-301F-11D3-BF4B-00C04F79EFBC}") = "tarefas_aula01_fundamentos", "tarefas_aula01_fundamentos\tarefas_aula01_fundamentos.csproj", "{DF0C6CA5-D818-43BA-9FF4-5FC11878B4C0}"
EndProject
Project("{FAE04EC0-301F-11D3-BF4B-00C04F79EFBC}") = "tarefas_aula02_operadores", "tarefas_aula02_operadores\tarefas_aula02_operadores.csproj", "{019750DB-E3DB-400E-A6CB-EB3961A763ED}"
EndProject
Project("{FAE04EC0-301F-11D3-BF4B-00C04F79EFBC}") = "tarefas_aula03_condicionais", "tarefas_aula03_condicionais\tarefas_aula03_condicionais.csproj", "{B3A18020-CAEB-4031-963C-80CA59D16F4E}"
EndProject
Project("{FAE04EC0-301F-11D3-BF4B-00C04F79EFBC}") = "tarefas_aula04_vetores_matrizes", "tarefas_aula04_vetores_matrizes\tarefas_aula04_vetores_matrizes.csproj", "{565FBB32-FFD6-4E1B-A8E8-5BF0F4F24110}"
EndProject
Project("{FAE04EC0-301F-11D3-BF4B-00C04F79EFBC}") = "tarefas_aula05_introducao_OOP", "tarefas_aula05_introducao_OOP\tarefas_aula05_introducao_OOP.csproj", "{FE871835-A7D1-45FB-8F25-0BF6DB57C1B1}"
EndProject
Project("{FAE04EC0-301F-11D3-BF4B-00C04F79EFBC}") = "aula_db", "aula_db\aula_db.csproj", "{3D115206-6366-46EC-A1BD-628A90DD6786}"
EndProject
Project("{9A19103F-16F7-4668-BE54-9A1E7A4F7556}") = "Agenda", "Agenda\Agenda.csproj", "{7AFD5A70-6564-40EF-8A5B-2AE0F01FA3B6}"
EndProject
Project("{FAE04EC0-301F-11D3-BF4B-00C04F79EFBC}") = "Aula05_exercicio01", "Aula05_exercício01\Aula05_exercicio01.csproj", "{19826F34-7F92-421D-95BE-ABBAE6D17976}"
EndProject
Project("{FAE04EC0-301F-11D3-BF4B-00C04F79EFBC}") = "Aula05_exercicio02", "Aula05_exercicio02\Aula05_exercicio02.csproj", "{6039D77F-4001-40D9-A17C-0565671BDD51}"
EndProject
Project("{FAE04EC0-301F-11D3-BF4B-00C04F79EFBC}") = "Aula06_exercicio01", "Aula06_exercicio01\Aula06_exercicio01.csproj", "{DF73D68F-A03E-4FF5-829C-2CF26016CF7A}"
EndProject
Project("{FAE04EC0-301F-11D3-BF4B-00C04F79EFBC}") = "Aula06_exercicio02", "Aula06_exercicio02\Aula06_exercicio02.csproj", "{F72D3D06-791B-4470-BA56-A3BA6157B964}"
EndProject
Project("{FAE04EC0-301F-11D3-BF4B-00C04F79EFBC}") = "Aula07_exercicio01", "Aula07_exercicio01\Aula07_exercicio01.csproj", "{9CD00C81-5DEC-423F-966E-CD5FBC957F12}"
EndProject
Project("{FAE04EC0-301F-11D3-BF4B-00C04F79EFBC}") = "Aula07_exercicio02", "Aula07_exercicio02\Aula07_exercicio02.csproj", "{4F140A4E-2403-48B4-BC47-1CCDF83CF9B6}"
EndProject
Global
	GlobalSection(SolutionConfigurationPlatforms) = preSolution
		Debug|Any CPU = Debug|Any CPU
		Release|Any CPU = Release|Any CPU
	EndGlobalSection
	GlobalSection(ProjectConfigurationPlatforms) = postSolution
		{DF0C6CA5-D818-43BA-9FF4-5FC11878B4C0}.Debug|Any CPU.ActiveCfg = Debug|Any CPU
		{DF0C6CA5-D818-43BA-9FF4-5FC11878B4C0}.Debug|Any CPU.Build.0 = Debug|Any CPU
		{DF0C6CA5-D818-43BA-9FF4-5FC11878B4C0}.Release|Any CPU.ActiveCfg = Release|Any CPU
		{DF0C6CA5-D818-43BA-9FF4-5FC11878B4C0}.Release|Any CPU.Build.0 = Release|Any CPU
		{019750DB-E3DB-400E-A6CB-EB3961A763ED}.Debug|Any CPU.ActiveCfg = Debug|Any CPU
		{019750DB-E3DB-400E-A6CB-EB3961A763ED}.Debug|Any CPU.Build.0 = Debug|Any CPU
		{019750DB-E3DB-400E-A6CB-EB3961A763ED}.Release|Any CPU.ActiveCfg = Release|Any CPU
		{019750DB-E3DB-400E-A6CB-EB3961A763ED}.Release|Any CPU.Build.0 = Release|Any CPU
		{B3A18020-CAEB-4031-963C-80CA59D16F4E}.Debug|Any CPU.ActiveCfg = Debug|Any CPU
		{B3A18020-CAEB-4031-963C-80CA59D16F4E}.Debug|Any CPU.Build.0 = Debug|Any CPU
		{B3A18020-CAEB-4031-963C-80CA59D16F4E}.Release|Any CPU.ActiveCfg = Release|Any CPU
		{B3A18020-CAEB-4031-963C-80CA59D16F4E}.Release|Any CPU.Build.0 = Release|Any CPU
		{565FBB32-FFD6-4E1B-A8E8-5BF0F4F24110}.Debug|Any CPU.ActiveCfg = Debug|Any CPU
		{565FBB32-FFD6-4E1B-A8E8-5BF0F4F24110}.Debug|Any CPU.Build.0 = Debug|Any CPU
		{565FBB32-FFD6-4E1B-A8E8-5BF0F4F24110}.Release|Any CPU.ActiveCfg = Release|Any CPU
		{565FBB32-FFD6-4E1B-A8E8-5BF0F4F24110}.Release|Any CPU.Build.0 = Release|Any CPU
		{FE871835-A7D1-45FB-8F25-0BF6DB57C1B1}.Debug|Any CPU.ActiveCfg = Debug|Any CPU
		{FE871835-A7D1-45FB-8F25-0BF6DB57C1B1}.Debug|Any CPU.Build.0 = Debug|Any CPU
		{FE871835-A7D1-45FB-8F25-0BF6DB57C1B1}.Release|Any CPU.ActiveCfg = Release|Any CPU
		{FE871835-A7D1-45FB-8F25-0BF6DB57C1B1}.Release|Any CPU.Build.0 = Release|Any CPU
		{3D115206-6366-46EC-A1BD-628A90DD6786}.Debug|Any CPU.ActiveCfg = Debug|Any CPU
		{3D115206-6366-46EC-A1BD-628A90DD6786}.Debug|Any CPU.Build.0 = Debug|Any CPU
		{3D115206-6366-46EC-A1BD-628A90DD6786}.Release|Any CPU.ActiveCfg = Release|Any CPU
		{3D115206-6366-46EC-A1BD-628A90DD6786}.Release|Any CPU.Build.0 = Release|Any CPU
		{7AFD5A70-6564-40EF-8A5B-2AE0F01FA3B6}.Debug|Any CPU.ActiveCfg = Debug|Any CPU
		{7AFD5A70-6564-40EF-8A5B-2AE0F01FA3B6}.Debug|Any CPU.Build.0 = Debug|Any CPU
		{7AFD5A70-6564-40EF-8A5B-2AE0F01FA3B6}.Release|Any CPU.ActiveCfg = Release|Any CPU
		{7AFD5A70-6564-40EF-8A5B-2AE0F01FA3B6}.Release|Any CPU.Build.0 = Release|Any CPU
		{19826F34-7F92-421D-95BE-ABBAE6D17976}.Debug|Any CPU.ActiveCfg = Debug|Any CPU
		{19826F34-7F92-421D-95BE-ABBAE6D17976}.Debug|Any CPU.Build.0 = Debug|Any CPU
		{19826F34-7F92-421D-95BE-ABBAE6D17976}.Release|Any CPU.ActiveCfg = Release|Any CPU
		{19826F34-7F92-421D-95BE-ABBAE6D17976}.Release|Any CPU.Build.0 = Release|Any CPU
		{6039D77F-4001-40D9-A17C-0565671BDD51}.Debug|Any CPU.ActiveCfg = Debug|Any CPU
		{6039D77F-4001-40D9-A17C-0565671BDD51}.Debug|Any CPU.Build.0 = Debug|Any CPU
		{6039D77F-4001-40D9-A17C-0565671BDD51}.Release|Any CPU.ActiveCfg = Release|Any CPU
		{6039D77F-4001-40D9-A17C-0565671BDD51}.Release|Any CPU.Build.0 = Release|Any CPU
		{DF73D68F-A03E-4FF5-829C-2CF26016CF7A}.Debug|Any CPU.ActiveCfg = Debug|Any CPU
		{DF73D68F-A03E-4FF5-829C-2CF26016CF7A}.Debug|Any CPU.Build.0 = Debug|Any CPU
		{DF73D68F-A03E-4FF5-829C-2CF26016CF7A}.Release|Any CPU.ActiveCfg = Release|Any CPU
		{DF73D68F-A03E-4FF5-829C-2CF26016CF7A}.Release|Any CPU.Build.0 = Release|Any CPU
		{F72D3D06-791B-4470-BA56-A3BA6157B964}.Debug|Any CPU.ActiveCfg = Debug|Any CPU
		{F72D3D06-791B-4470-BA56-A3BA6157B964}.Debug|Any CPU.Build.0 = Debug|Any CPU
		{F72D3D06-791B-4470-BA56-A3BA6157B964}.Release|Any CPU.ActiveCfg = Release|Any CPU
		{F72D3D06-791B-4470-BA56-A3BA6157B964}.Release|Any CPU.Build.0 = Release|Any CPU
		{9CD00C81-5DEC-423F-966E-CD5FBC957F12}.Debug|Any CPU.ActiveCfg = Debug|Any CPU
		{9CD00C81-5DEC-423F-966E-CD5FBC957F12}.Debug|Any CPU.Build.0 = Debug|Any CPU
		{9CD00C81-5DEC-423F-966E-CD5FBC957F12}.Release|Any CPU.ActiveCfg = Release|Any CPU
		{9CD00C81-5DEC-423F-966E-CD5FBC957F12}.Release|Any CPU.Build.0 = Release|Any CPU
		{4F140A4E-2403-48B4-BC47-1CCDF83CF9B6}.Debug|Any CPU.ActiveCfg = Debug|Any CPU
		{4F140A4E-2403-48B4-BC47-1CCDF83CF9B6}.Debug|Any CPU.Build.0 = Debug|Any CPU
		{4F140A4E-2403-48B4-BC47-1CCDF83CF9B6}.Release|Any CPU.ActiveCfg = Release|Any CPU
		{4F140A4E-2403-48B4-BC47-1CCDF83CF9B6}.Release|Any CPU.Build.0 = Release|Any CPU
	EndGlobalSection
	GlobalSection(SolutionProperties) = preSolution
		HideSolutionNode = FALSE
	EndGlobalSection
	GlobalSection(ExtensibilityGlobals) = postSolution
		SolutionGuid = {32543376-80EC-4074-8F75-09D272353397}
	EndGlobalSection
EndGlobal
