
Microsoft Visual Studio Solution File, Format Version 12.00
# Visual Studio Version 17
VisualStudioVersion = 17.2.32526.322
MinimumVisualStudioVersion = 10.0.40219.1
Project("{FAE04EC0-301F-11D3-BF4B-00C04F79EFBC}") = "tarefas_aula01_fundamentos", "tarefas_aula01_fundamentos\tarefas_aula01_fundamentos.csproj", "{DF0C6CA5-D818-43BA-9FF4-5FC11878B4C0}"
EndProject
Project("{FAE04EC0-301F-11D3-BF4B-00C04F79EFBC}") = "tarefas_aula02_operadores", "tarefas_aula02_operadores\tarefas_aula02_operadores.csproj", "{019750DB-E3DB-400E-A6CB-EB3961A763ED}"
EndProject
Project("{FAE04EC0-301F-11D3-BF4B-00C04F79EFBC}") = "tarefas_aula03_condicionais", "tarefas_aula03_condicionais\tarefas_aula03_condicionais.csproj", "{B3A18020-CAEB-4031-963C-80CA59D16F4E}"
EndProject
Project("{FAE04EC0-301F-11D3-BF4B-00C04F79EFBC}") = "tarefas_aula04_vetores_matrizes", "tarefas_aula04_vetores_matrizes\tarefas_aula04_vetores_matrizes.csproj", "{565FBB32-FFD6-4E1B-A8E8-5BF0F4F24110}"
EndProject
Project("{FAE04EC0-301F-11D3-BF4B-00C04F79EFBC}") = "tarefas_aula05_introducao_OOP", "tarefas_aula05_introducao_OOP\tarefas_aula05_introducao_OOP.csproj", "{FE871835-A7D1-45FB-8F25-0BF6DB57C1B1}"
EndProject
Global
	GlobalSection(SolutionConfigurationPlatforms) = preSolution
		Debug|Any CPU = Debug|Any CPU
		Release|Any CPU = Release|Any CPU
	EndGlobalSection
	GlobalSection(ProjectConfigurationPlatforms) = postSolution
		{DF0C6CA5-D818-43BA-9FF4-5FC11878B4C0}.Debug|Any CPU.ActiveCfg = Debug|Any CPU
		{DF0C6CA5-D818-43BA-9FF4-5FC11878B4C0}.Debug|Any CPU.Build.0 = Debug|Any CPU
		{DF0C6CA5-D818-43BA-9FF4-5FC11878B4C0}.Release|Any CPU.ActiveCfg = Release|Any CPU
		{DF0C6CA5-D818-43BA-9FF4-5FC11878B4C0}.Release|Any CPU.Build.0 = Release|Any CPU
		{019750DB-E3DB-400E-A6CB-EB3961A763ED}.Debug|Any CPU.ActiveCfg = Debug|Any CPU
		{019750DB-E3DB-400E-A6CB-EB3961A763ED}.Debug|Any CPU.Build.0 = Debug|Any CPU
		{019750DB-E3DB-400E-A6CB-EB3961A763ED}.Release|Any CPU.ActiveCfg = Release|Any CPU
		{019750DB-E3DB-400E-A6CB-EB3961A763ED}.Release|Any CPU.Build.0 = Release|Any CPU
		{B3A18020-CAEB-4031-963C-80CA59D16F4E}.Debug|Any CPU.ActiveCfg = Debug|Any CPU
		{B3A18020-CAEB-4031-963C-80CA59D16F4E}.Debug|Any CPU.Build.0 = Debug|Any CPU
		{B3A18020-CAEB-4031-963C-80CA59D16F4E}.Release|Any CPU.ActiveCfg = Release|Any CPU
		{B3A18020-CAEB-4031-963C-80CA59D16F4E}.Release|Any CPU.Build.0 = Release|Any CPU
		{565FBB32-FFD6-4E1B-A8E8-5BF0F4F24110}.Debug|Any CPU.ActiveCfg = Debug|Any CPU
		{565FBB32-FFD6-4E1B-A8E8-5BF0F4F24110}.Debug|Any CPU.Build.0 = Debug|Any CPU
		{565FBB32-FFD6-4E1B-A8E8-5BF0F4F24110}.Release|Any CPU.ActiveCfg = Release|Any CPU
		{565FBB32-FFD6-4E1B-A8E8-5BF0F4F24110}.Release|Any CPU.Build.0 = Release|Any CPU
		{FE871835-A7D1-45FB-8F25-0BF6DB57C1B1}.Debug|Any CPU.ActiveCfg = Debug|Any CPU
		{FE871835-A7D1-45FB-8F25-0BF6DB57C1B1}.Debug|Any CPU.Build.0 = Debug|Any CPU
		{FE871835-A7D1-45FB-8F25-0BF6DB57C1B1}.Release|Any CPU.ActiveCfg = Release|Any CPU
		{FE871835-A7D1-45FB-8F25-0BF6DB57C1B1}.Release|Any CPU.Build.0 = Release|Any CPU
	EndGlobalSection
	GlobalSection(SolutionProperties) = preSolution
		HideSolutionNode = FALSE
	EndGlobalSection
	GlobalSection(ExtensibilityGlobals) = postSolution
		SolutionGuid = {32543376-80EC-4074-8F75-09D272353397}
	EndGlobalSection
EndGlobal
